{
  "requires": true,
  "lockfileVersion": 1,
  "dependencies": {
    "@ant-design/icons-react-native": {
      "version": "1.0.2",
      "resolved": "https://registry.npmjs.org/@ant-design/icons-react-native/-/icons-react-native-1.0.2.tgz",
      "integrity": "sha512-cpTHdeGdxS+kp59rrtHZw6guXJQyDKzvLxGUf2qXeTlua5nKLG1kVoSMtW5tIPep21RcL6gVdwQl5+/mUMk9/w=="
    }
  }
}
